
Microsoft Visual Studio Solution File, Format Version 12.00
# Visual Studio 15
VisualStudioVersion = 15.0.26124.0
MinimumVisualStudioVersion = 15.0.26124.0
Project("{FAE04EC0-301F-11D3-BF4B-00C04F79EFBC}") = "Domain", "Domain\Domain.csproj", "{D44A2B33-22A8-4BE8-B98E-FE8FA6F2C8FD}"
EndProject
Project("{FAE04EC0-301F-11D3-BF4B-00C04F79EFBC}") = "Application", "Application\Application.csproj", "{5972480F-4E1D-495D-9BD4-B037D7D20976}"
EndProject
Project("{FAE04EC0-301F-11D3-BF4B-00C04F79EFBC}") = "Persistence", "Persistence\Persistence.csproj", "{89B02EF4-62A3-445E-8B5B-920078173B62}"
EndProject
Project("{FAE04EC0-301F-11D3-BF4B-00C04F79EFBC}") = "API", "API\API.csproj", "{B04301E2-9DED-4498-99A9-BFF082B212F2}"
EndProject
Global
	GlobalSection(SolutionConfigurationPlatforms) = preSolution
		Debug|Any CPU = Debug|Any CPU
		Debug|x64 = Debug|x64
		Debug|x86 = Debug|x86
		Release|Any CPU = Release|Any CPU
		Release|x64 = Release|x64
		Release|x86 = Release|x86
	EndGlobalSection
	GlobalSection(SolutionProperties) = preSolution
		HideSolutionNode = FALSE
	EndGlobalSection
	GlobalSection(ProjectConfigurationPlatforms) = postSolution
		{D44A2B33-22A8-4BE8-B98E-FE8FA6F2C8FD}.Debug|Any CPU.ActiveCfg = Debug|Any CPU
		{D44A2B33-22A8-4BE8-B98E-FE8FA6F2C8FD}.Debug|Any CPU.Build.0 = Debug|Any CPU
		{D44A2B33-22A8-4BE8-B98E-FE8FA6F2C8FD}.Debug|x64.ActiveCfg = Debug|Any CPU
		{D44A2B33-22A8-4BE8-B98E-FE8FA6F2C8FD}.Debug|x64.Build.0 = Debug|Any CPU
		{D44A2B33-22A8-4BE8-B98E-FE8FA6F2C8FD}.Debug|x86.ActiveCfg = Debug|Any CPU
		{D44A2B33-22A8-4BE8-B98E-FE8FA6F2C8FD}.Debug|x86.Build.0 = Debug|Any CPU
		{D44A2B33-22A8-4BE8-B98E-FE8FA6F2C8FD}.Release|Any CPU.ActiveCfg = Release|Any CPU
		{D44A2B33-22A8-4BE8-B98E-FE8FA6F2C8FD}.Release|Any CPU.Build.0 = Release|Any CPU
		{D44A2B33-22A8-4BE8-B98E-FE8FA6F2C8FD}.Release|x64.ActiveCfg = Release|Any CPU
		{D44A2B33-22A8-4BE8-B98E-FE8FA6F2C8FD}.Release|x64.Build.0 = Release|Any CPU
		{D44A2B33-22A8-4BE8-B98E-FE8FA6F2C8FD}.Release|x86.ActiveCfg = Release|Any CPU
		{D44A2B33-22A8-4BE8-B98E-FE8FA6F2C8FD}.Release|x86.Build.0 = Release|Any CPU
		{5972480F-4E1D-495D-9BD4-B037D7D20976}.Debug|Any CPU.ActiveCfg = Debug|Any CPU
		{5972480F-4E1D-495D-9BD4-B037D7D20976}.Debug|Any CPU.Build.0 = Debug|Any CPU
		{5972480F-4E1D-495D-9BD4-B037D7D20976}.Debug|x64.ActiveCfg = Debug|Any CPU
		{5972480F-4E1D-495D-9BD4-B037D7D20976}.Debug|x64.Build.0 = Debug|Any CPU
		{5972480F-4E1D-495D-9BD4-B037D7D20976}.Debug|x86.ActiveCfg = Debug|Any CPU
		{5972480F-4E1D-495D-9BD4-B037D7D20976}.Debug|x86.Build.0 = Debug|Any CPU
		{5972480F-4E1D-495D-9BD4-B037D7D20976}.Release|Any CPU.ActiveCfg = Release|Any CPU
		{5972480F-4E1D-495D-9BD4-B037D7D20976}.Release|Any CPU.Build.0 = Release|Any CPU
		{5972480F-4E1D-495D-9BD4-B037D7D20976}.Release|x64.ActiveCfg = Release|Any CPU
		{5972480F-4E1D-495D-9BD4-B037D7D20976}.Release|x64.Build.0 = Release|Any CPU
		{5972480F-4E1D-495D-9BD4-B037D7D20976}.Release|x86.ActiveCfg = Release|Any CPU
		{5972480F-4E1D-495D-9BD4-B037D7D20976}.Release|x86.Build.0 = Release|Any CPU
		{89B02EF4-62A3-445E-8B5B-920078173B62}.Debug|Any CPU.ActiveCfg = Debug|Any CPU
		{89B02EF4-62A3-445E-8B5B-920078173B62}.Debug|Any CPU.Build.0 = Debug|Any CPU
		{89B02EF4-62A3-445E-8B5B-920078173B62}.Debug|x64.ActiveCfg = Debug|Any CPU
		{89B02EF4-62A3-445E-8B5B-920078173B62}.Debug|x64.Build.0 = Debug|Any CPU
		{89B02EF4-62A3-445E-8B5B-920078173B62}.Debug|x86.ActiveCfg = Debug|Any CPU
		{89B02EF4-62A3-445E-8B5B-920078173B62}.Debug|x86.Build.0 = Debug|Any CPU
		{89B02EF4-62A3-445E-8B5B-920078173B62}.Release|Any CPU.ActiveCfg = Release|Any CPU
		{89B02EF4-62A3-445E-8B5B-920078173B62}.Release|Any CPU.Build.0 = Release|Any CPU
		{89B02EF4-62A3-445E-8B5B-920078173B62}.Release|x64.ActiveCfg = Release|Any CPU
		{89B02EF4-62A3-445E-8B5B-920078173B62}.Release|x64.Build.0 = Release|Any CPU
		{89B02EF4-62A3-445E-8B5B-920078173B62}.Release|x86.ActiveCfg = Release|Any CPU
		{89B02EF4-62A3-445E-8B5B-920078173B62}.Release|x86.Build.0 = Release|Any CPU
		{B04301E2-9DED-4498-99A9-BFF082B212F2}.Debug|Any CPU.ActiveCfg = Debug|Any CPU
		{B04301E2-9DED-4498-99A9-BFF082B212F2}.Debug|Any CPU.Build.0 = Debug|Any CPU
		{B04301E2-9DED-4498-99A9-BFF082B212F2}.Debug|x64.ActiveCfg = Debug|Any CPU
		{B04301E2-9DED-4498-99A9-BFF082B212F2}.Debug|x64.Build.0 = Debug|Any CPU
		{B04301E2-9DED-4498-99A9-BFF082B212F2}.Debug|x86.ActiveCfg = Debug|Any CPU
		{B04301E2-9DED-4498-99A9-BFF082B212F2}.Debug|x86.Build.0 = Debug|Any CPU
		{B04301E2-9DED-4498-99A9-BFF082B212F2}.Release|Any CPU.ActiveCfg = Release|Any CPU
		{B04301E2-9DED-4498-99A9-BFF082B212F2}.Release|Any CPU.Build.0 = Release|Any CPU
		{B04301E2-9DED-4498-99A9-BFF082B212F2}.Release|x64.ActiveCfg = Release|Any CPU
		{B04301E2-9DED-4498-99A9-BFF082B212F2}.Release|x64.Build.0 = Release|Any CPU
		{B04301E2-9DED-4498-99A9-BFF082B212F2}.Release|x86.ActiveCfg = Release|Any CPU
		{B04301E2-9DED-4498-99A9-BFF082B212F2}.Release|x86.Build.0 = Release|Any CPU
	EndGlobalSection
EndGlobal
